
Microsoft Visual Studio Solution File, Format Version 12.00
# Visual Studio Version 16
VisualStudioVersion = 16.0.809.0
MinimumVisualStudioVersion = 10.0.40219.1
Project("{FAE04EC0-301F-11D3-BF4B-00C04F79EFBC}") = "Xyz.Web", "Xyz.Web\Xyz.Web.csproj", "{09ACDD78-2113-4F79-A9C3-8BDD7967A214}"
EndProject
Project("{FAE04EC0-301F-11D3-BF4B-00C04F79EFBC}") = "Xyz.Test", "Xyz.Test\Xyz.Test.csproj", "{1A1CFD08-48A2-4C19-977F-0A5EAF989D26}"
EndProject
Project("{FAE04EC0-301F-11D3-BF4B-00C04F79EFBC}") = "Xyz.Service", "Xyz.Service\Xyz.Service.csproj", "{476F95E6-D947-4945-8C46-DA62431E898C}"
EndProject
Global
	GlobalSection(SolutionConfigurationPlatforms) = preSolution
		Debug|anycpu = Debug|anycpu
		Release|anycpu = Release|anycpu
	EndGlobalSection
	GlobalSection(ProjectConfigurationPlatforms) = postSolution
		{09ACDD78-2113-4F79-A9C3-8BDD7967A214}.Debug|anycpu.ActiveCfg = Debug|Any CPU
		{09ACDD78-2113-4F79-A9C3-8BDD7967A214}.Debug|anycpu.Build.0 = Debug|Any CPU
		{09ACDD78-2113-4F79-A9C3-8BDD7967A214}.Release|anycpu.ActiveCfg = Release|Any CPU
		{09ACDD78-2113-4F79-A9C3-8BDD7967A214}.Release|anycpu.Build.0 = Release|Any CPU
		{1A1CFD08-48A2-4C19-977F-0A5EAF989D26}.Debug|anycpu.ActiveCfg = Debug|Any CPU
		{1A1CFD08-48A2-4C19-977F-0A5EAF989D26}.Debug|anycpu.Build.0 = Debug|Any CPU
		{1A1CFD08-48A2-4C19-977F-0A5EAF989D26}.Release|anycpu.ActiveCfg = Release|Any CPU
		{1A1CFD08-48A2-4C19-977F-0A5EAF989D26}.Release|anycpu.Build.0 = Release|Any CPU
		{476F95E6-D947-4945-8C46-DA62431E898C}.Debug|anycpu.ActiveCfg = Debug|Any CPU
		{476F95E6-D947-4945-8C46-DA62431E898C}.Debug|anycpu.Build.0 = Debug|Any CPU
		{476F95E6-D947-4945-8C46-DA62431E898C}.Release|anycpu.ActiveCfg = Release|Any CPU
		{476F95E6-D947-4945-8C46-DA62431E898C}.Release|anycpu.Build.0 = Release|Any CPU
	EndGlobalSection
	GlobalSection(SolutionProperties) = preSolution
		HideSolutionNode = FALSE
	EndGlobalSection
	GlobalSection(ExtensibilityGlobals) = postSolution
		SolutionGuid = {69563102-AFCC-4D2A-88E6-279979DF67E6}
	EndGlobalSection
EndGlobal
